
Microsoft Visual Studio Solution File, Format Version 12.00
# Visual Studio Version 17
VisualStudioVersion = 17.9.34701.34
MinimumVisualStudioVersion = 10.0.40219.1
Project("{FAE04EC0-301F-11D3-BF4B-00C04F79EFBC}") = "Rookies_ASP.NETCoreAPI_2.Common", "Rookies_ASP.NETCoreAPI_2.Common\Rookies_ASP.NETCoreAPI_2.Common.csproj", "{BB4B407D-6E88-42F7-9809-EAB26AFE9A59}"
EndProject
Project("{FAE04EC0-301F-11D3-BF4B-00C04F79EFBC}") = "Rookies_ASP.NETCoreAPI_2.Infrastructure", "Rookies_ASP.NETCoreAPI_2.Infrastructure\Rookies_ASP.NETCoreAPI_2.Infrastructure.csproj", "{559EFAE5-20D2-4CF0-9587-9EE9E3402090}"
EndProject
Project("{FAE04EC0-301F-11D3-BF4B-00C04F79EFBC}") = "Rookies_ASP.NETCoreAPI_2.API", "Rookies_ASP.NETCoreAPI_2.API\Rookies_ASP.NETCoreAPI_2.API.csproj", "{2A3CFEC3-5B04-4150-8784-A8A3B02DE5E3}"
EndProject
Global
	GlobalSection(SolutionConfigurationPlatforms) = preSolution
		Debug|Any CPU = Debug|Any CPU
		Release|Any CPU = Release|Any CPU
	EndGlobalSection
	GlobalSection(ProjectConfigurationPlatforms) = postSolution
		{BB4B407D-6E88-42F7-9809-EAB26AFE9A59}.Debug|Any CPU.ActiveCfg = Debug|Any CPU
		{BB4B407D-6E88-42F7-9809-EAB26AFE9A59}.Debug|Any CPU.Build.0 = Debug|Any CPU
		{BB4B407D-6E88-42F7-9809-EAB26AFE9A59}.Release|Any CPU.ActiveCfg = Release|Any CPU
		{BB4B407D-6E88-42F7-9809-EAB26AFE9A59}.Release|Any CPU.Build.0 = Release|Any CPU
		{559EFAE5-20D2-4CF0-9587-9EE9E3402090}.Debug|Any CPU.ActiveCfg = Debug|Any CPU
		{559EFAE5-20D2-4CF0-9587-9EE9E3402090}.Debug|Any CPU.Build.0 = Debug|Any CPU
		{559EFAE5-20D2-4CF0-9587-9EE9E3402090}.Release|Any CPU.ActiveCfg = Release|Any CPU
		{559EFAE5-20D2-4CF0-9587-9EE9E3402090}.Release|Any CPU.Build.0 = Release|Any CPU
		{2A3CFEC3-5B04-4150-8784-A8A3B02DE5E3}.Debug|Any CPU.ActiveCfg = Debug|Any CPU
		{2A3CFEC3-5B04-4150-8784-A8A3B02DE5E3}.Debug|Any CPU.Build.0 = Debug|Any CPU
		{2A3CFEC3-5B04-4150-8784-A8A3B02DE5E3}.Release|Any CPU.ActiveCfg = Release|Any CPU
		{2A3CFEC3-5B04-4150-8784-A8A3B02DE5E3}.Release|Any CPU.Build.0 = Release|Any CPU
	EndGlobalSection
	GlobalSection(SolutionProperties) = preSolution
		HideSolutionNode = FALSE
	EndGlobalSection
	GlobalSection(ExtensibilityGlobals) = postSolution
		SolutionGuid = {42628B28-1A79-44DD-9CBD-D906CA60D767}
	EndGlobalSection
EndGlobal
